<?xml version="1.0" encoding="utf-8"?>
<Project ToolsVersion="4.0" xmlns="http://schemas.microsoft.com/developer/msbuild/2003">
  <ItemGroup>
    <Filter Include="Source Files">
      <UniqueIdentifier>{4FC737F1-C7A5-4376-A066-2A32D752A2FF}</UniqueIdentifier>
      <Extensions>cpp;c;cc;cxx;c++;cppm;ixx;def;odl;idl;hpj;bat;asm;asmx</Extensions>
    </Filter>
    <Filter Include="Header Files">
      <UniqueIdentifier>{93995380-89BD-4b04-88EB-625FBE52EBFB}</UniqueIdentifier>
      <Extensions>h;hh;hpp;hxx;h++;hm;inl;inc;ipp;xsd</Extensions>
    </Filter>
    <Filter Include="Resource Files">
      <UniqueIdentifier>{67DA6AB6-F800-4c08-8B7A-83BB121AAD01}</UniqueIdentifier>
      <Extensions>rc;ico;cur;bmp;dlg;rc2;rct;bin;rgs;gif;jpg;jpeg;jpe;resx;tiff;tif;png;wav;mfcribbon-ms</Extensions>
    </Filter>
    <Filter Include="Source Files\Core">
      <UniqueIdentifier>{10cd8ede-29f5-4bce-8a6d-d60eb59cf4a3}</UniqueIdentifier>
    </Filter>
    <Filter Include="Source Files\Scene2D">
      <UniqueIdentifier>{4b43c050-4503-4523-976e-fddb8fe18b3b}</UniqueIdentifier>
    </Filter>
    <Filter Include="Source Files\Scene3D">
      <UniqueIdentifier>{c6e25fbc-a86d-46ab-b7b7-a4c247aed64f}</UniqueIdentifier>
    </Filter>
    <Filter Include="Source Files\Scene2D\Deprecated">
      <UniqueIdentifier>{da41a675-e0ea-4d89-b44f-8e67032d4874}</UniqueIdentifier>
    </Filter>
    <Filter Include="Source Files\Scene2D\Deprecated\TextArea">
      <UniqueIdentifier>{6569ff38-9827-4012-a5c2-3888bf0bb9bf}</UniqueIdentifier>
    </Filter>
    <Filter Include="Source Files\xEffects">
      <UniqueIdentifier>{1089de6d-5eb6-43d1-87f9-b08f566dd854}</UniqueIdentifier>
    </Filter>
    <Filter Include="Source Files\Externals">
      <UniqueIdentifier>{f302c982-ccd8-4013-ab19-4250b4360a29}</UniqueIdentifier>
    </Filter>
    <Filter Include="Source Files\Externals\GhostTrail">
      <UniqueIdentifier>{5424e058-1cd1-4737-979a-c3dc58255197}</UniqueIdentifier>
    </Filter>
    <Filter Include="Source Files\Externals\IrrAsimp">
      <UniqueIdentifier>{45df0dda-e833-4734-b55c-1f593ed8d25b}</UniqueIdentifier>
    </Filter>
  </ItemGroup>
  <ItemGroup>
    <ClCompile Include="Lime.cpp">
      <Filter>Source Files</Filter>
    </ClCompile>
    <ClCompile Include="DebugConsole.cpp">
      <Filter>Source Files</Filter>
    </ClCompile>
    <ClCompile Include="IrrHandling.cpp">
      <Filter>Source Files</Filter>
    </ClCompile>
    <ClCompile Include="LuaLime.cpp">
      <Filter>Source Files</Filter>
    </ClCompile>
    <ClCompile Include="Sound.cpp">
      <Filter>Source Files</Filter>
    </ClCompile>
    <ClCompile Include="Line.cpp">
      <Filter>Source Files\Scene2D\Deprecated\TextArea</Filter>
    </ClCompile>
    <ClCompile Include="TextArea.cpp">
      <Filter>Source Files\Scene2D\Deprecated\TextArea</Filter>
    </ClCompile>
    <ClCompile Include="CGUIFont.cpp">
      <Filter>Source Files\Scene2D\Deprecated\TextArea</Filter>
    </ClCompile>
    <ClCompile Include="os.cpp">
      <Filter>Source Files\Scene2D\Deprecated\TextArea</Filter>
    </ClCompile>
    <ClCompile Include="EffectHandler.cpp">
      <Filter>Source Files\xEffects</Filter>
    </ClCompile>
    <ClCompile Include="CShaderPre.cpp">
      <Filter>Source Files\xEffects</Filter>
    </ClCompile>
    <ClCompile Include="Vector2D.cpp">
      <Filter>Source Files\Core</Filter>
    </ClCompile>
    <ClCompile Include="Vector3D.cpp">
      <Filter>Source Files\Core</Filter>
    </ClCompile>
    <ClCompile Include="StaticMesh.cpp">
      <Filter>Source Files\Scene3D</Filter>
    </ClCompile>
    <ClCompile Include="WaterMesh.cpp">
      <Filter>Source Files\Scene3D</Filter>
    </ClCompile>
    <ClCompile Include="Camera3D.cpp">
      <Filter>Source Files\Scene3D</Filter>
    </ClCompile>
    <ClCompile Include="Billboard.cpp">
      <Filter>Source Files\Scene3D</Filter>
    </ClCompile>
    <ClCompile Include="Light.cpp">
      <Filter>Source Files\Scene3D</Filter>
    </ClCompile>
    <ClCompile Include="Trail.cpp">
      <Filter>Source Files\Scene3D</Filter>
    </ClCompile>
    <ClCompile Include="ParticleSystem.cpp">
      <Filter>Source Files\Scene3D</Filter>
    </ClCompile>
    <ClCompile Include="EditBox.cpp">
      <Filter>Source Files\Scene2D</Filter>
    </ClCompile>
    <ClCompile Include="Image2D.cpp">
      <Filter>Source Files\Scene2D</Filter>
    </ClCompile>
    <ClCompile Include="Material.cpp">
      <Filter>Source Files\Scene3D</Filter>
    </ClCompile>
    <ClCompile Include="Text2D.cpp">
      <Filter>Source Files\Scene2D</Filter>
    </ClCompile>
    <ClCompile Include="Text3D.cpp">
      <Filter>Source Files\Scene3D</Filter>
    </ClCompile>
    <ClCompile Include="Texture.cpp">
      <Filter>Source Files\Scene3D</Filter>
    </ClCompile>
    <ClCompile Include="Empty.cpp">
      <Filter>Source Files\Scene3D</Filter>
    </ClCompile>
    <ClCompile Include="LegacyLight.cpp">
      <Filter>Source Files\Scene3D</Filter>
    </ClCompile>
    <ClCompile Include="GhostTrailSceneNode.cpp">
      <Filter>Source Files\Externals\GhostTrail</Filter>
    </ClCompile>
    <ClCompile Include="IrrAssimp.cpp">
      <Filter>Source Files\Externals\IrrAsimp</Filter>
    </ClCompile>
    <ClCompile Include="IrrAssimpExport.cpp">
      <Filter>Source Files\Externals\IrrAsimp</Filter>
    </ClCompile>
    <ClCompile Include="IrrAssimpImport.cpp">
      <Filter>Source Files\Externals\IrrAsimp</Filter>
    </ClCompile>
    <ClCompile Include="IrrAssimpUtils.cpp">
      <Filter>Source Files\Externals\IrrAsimp</Filter>
    </ClCompile>
    <ClCompile Include="Hitbox.cpp">
      <Filter>Source Files\Scene3D</Filter>
    </ClCompile>
  </ItemGroup>
  <ItemGroup>
    <ClInclude Include="DebugConsole.h">
      <Filter>Header Files</Filter>
    </ClInclude>
    <ClInclude Include="IrrHandling.h">
      <Filter>Header Files</Filter>
    </ClInclude>
    <ClInclude Include="LuaLime.h">
      <Filter>Header Files</Filter>
    </ClInclude>
    <ClInclude Include="Vector2D.h">
      <Filter>Source Files\Core</Filter>
    </ClInclude>
    <ClInclude Include="Vector3D.h">
      <Filter>Source Files\Core</Filter>
    </ClInclude>
    <ClInclude Include="Material.h">
      <Filter>Source Files\Scene3D</Filter>
    </ClInclude>
    <ClInclude Include="Billboard.h">
      <Filter>Source Files\Scene3D</Filter>
    </ClInclude>
    <ClInclude Include="Texture.h">
      <Filter>Source Files\Scene3D</Filter>
    </ClInclude>
    <ClInclude Include="IrrManagers.h">
      <Filter>Header Files</Filter>
    </ClInclude>
    <ClInclude Include="Camera3D.h">
      <Filter>Source Files\Scene3D</Filter>
    </ClInclude>
    <ClInclude Include="StaticMesh.h">
      <Filter>Source Files\Scene3D</Filter>
    </ClInclude>
    <ClInclude Include="Warden.h">
      <Filter>Source Files\Core</Filter>
    </ClInclude>
    <ClInclude Include="LimeReceiver.h">
      <Filter>Header Files</Filter>
    </ClInclude>
    <ClInclude Include="Light.h">
      <Filter>Source Files\Scene3D</Filter>
    </ClInclude>
    <ClInclude Include="Sound.h">
      <Filter>Source Files\Core</Filter>
    </ClInclude>
    <ClInclude Include="TextArea.h">
      <Filter>Source Files\Scene2D\Deprecated\TextArea</Filter>
    </ClInclude>
    <ClInclude Include="Line.h">
      <Filter>Source Files\Scene2D\Deprecated\TextArea</Filter>
    </ClInclude>
    <ClInclude Include="CGUIFont.h">
      <Filter>Source Files\Scene2D\Deprecated\TextArea</Filter>
    </ClInclude>
    <ClInclude Include="os.h">
      <Filter>Source Files\Scene2D\Deprecated\TextArea</Filter>
    </ClInclude>
    <ClInclude Include="TextLine.h">
      <Filter>Source Files\Scene2D\Deprecated</Filter>
    </ClInclude>
    <ClInclude Include="TextElement.h">
      <Filter>Source Files\Scene2D\Deprecated</Filter>
    </ClInclude>
    <ClInclude Include="Text3D.h">
      <Filter>Source Files\Scene3D</Filter>
    </ClInclude>
    <ClInclude Include="WaterMesh.h">
      <Filter>Source Files\Scene3D</Filter>
    </ClInclude>
    <ClInclude Include="Image2D.h">
      <Filter>Source Files\Scene2D</Filter>
    </ClInclude>
    <ClInclude Include="Text2D.h">
      <Filter>Source Files\Scene2D</Filter>
    </ClInclude>
    <ClInclude Include="DebugVisual.h">
      <Filter>Header Files</Filter>
    </ClInclude>
    <ClInclude Include="EditBox.h">
      <Filter>Source Files\Scene2D</Filter>
    </ClInclude>
    <ClInclude Include="XEffects.h">
      <Filter>Source Files\xEffects</Filter>
    </ClInclude>
    <ClInclude Include="EffectShaders.h">
      <Filter>Source Files\xEffects</Filter>
    </ClInclude>
    <ClInclude Include="EffectCB.h">
      <Filter>Source Files\xEffects</Filter>
    </ClInclude>
    <ClInclude Include="EffectHandler.h">
      <Filter>Source Files\xEffects</Filter>
    </ClInclude>
    <ClInclude Include="CScreenQuad.h">
      <Filter>Source Files\xEffects</Filter>
    </ClInclude>
    <ClInclude Include="CShaderPre.h">
      <Filter>Source Files\xEffects</Filter>
    </ClInclude>
    <ClInclude Include="ParticleSystem.h">
      <Filter>Source Files\Scene3D</Filter>
    </ClInclude>
    <ClInclude Include="Trail.h">
      <Filter>Source Files\Scene3D</Filter>
    </ClInclude>
    <ClInclude Include="Empty.h">
      <Filter>Source Files\Scene3D</Filter>
    </ClInclude>
    <ClInclude Include="Compatible3D.h">
      <Filter>Source Files\Core</Filter>
    </ClInclude>
    <ClInclude Include="LegacyLight.h">
      <Filter>Source Files\Scene3D</Filter>
    </ClInclude>
    <ClInclude Include="GhostTrailSceneNode.h">
      <Filter>Source Files\Externals\GhostTrail</Filter>
    </ClInclude>
    <ClInclude Include="IrrAssimp.h">
      <Filter>Source Files\Externals\IrrAsimp</Filter>
    </ClInclude>
    <ClInclude Include="IrrAssimpExport.h">
      <Filter>Source Files\Externals\IrrAsimp</Filter>
    </ClInclude>
    <ClInclude Include="IrrAssimpImport.h">
      <Filter>Source Files\Externals\IrrAsimp</Filter>
    </ClInclude>
    <ClInclude Include="IrrAssimpUtils.h">
      <Filter>Source Files\Externals\IrrAsimp</Filter>
    </ClInclude>
    <ClInclude Include="Hitbox.h">
      <Filter>Source Files\Scene3D</Filter>
    </ClInclude>
    <ClInclude Include="DrawSphere.h">
      <Filter>Header Files</Filter>
    </ClInclude>
  </ItemGroup>
  <ItemGroup>
    <ResourceCompile Include="Lime.rc">
      <Filter>Resource Files</Filter>
    </ResourceCompile>
  </ItemGroup>
</Project>